
Microsoft Visual Studio Solution File, Format Version 12.00
# Visual Studio Version 17
VisualStudioVersion = 17.7.34221.43
MinimumVisualStudioVersion = 10.0.40219.1
Project("{FAE04EC0-301F-11D3-BF4B-00C04F79EFBC}") = "ASD-zad2", "ASD-zad2\ASD-zad2.csproj", "{8AD4C596-17E4-40C4-A985-F0EDCCCFC3F7}"
EndProject
Global
	GlobalSection(SolutionConfigurationPlatforms) = preSolution
		Debug|Any CPU = Debug|Any CPU
		Release|Any CPU = Release|Any CPU
	EndGlobalSection
	GlobalSection(ProjectConfigurationPlatforms) = postSolution
		{8AD4C596-17E4-40C4-A985-F0EDCCCFC3F7}.Debug|Any CPU.ActiveCfg = Debug|Any CPU
		{8AD4C596-17E4-40C4-A985-F0EDCCCFC3F7}.Debug|Any CPU.Build.0 = Debug|Any CPU
		{8AD4C596-17E4-40C4-A985-F0EDCCCFC3F7}.Release|Any CPU.ActiveCfg = Release|Any CPU
		{8AD4C596-17E4-40C4-A985-F0EDCCCFC3F7}.Release|Any CPU.Build.0 = Release|Any CPU
	EndGlobalSection
	GlobalSection(SolutionProperties) = preSolution
		HideSolutionNode = FALSE
	EndGlobalSection
	GlobalSection(ExtensibilityGlobals) = postSolution
		SolutionGuid = {63075F65-0D6F-48A7-838B-CDF86F4EFBFC}
	EndGlobalSection
EndGlobal
